// !$*UTF8*$!
{
	archiveVersion = 1;
	classes = {
	};
	objectVersion = 56;
	objects = {

/* Begin PBXBuildFile section */
		AA74D21A2AB20B9500463153 /* ServiceHistoryApp.swift in Sources */ = {isa = PBXBuildFile; fileRef = AA74D2192AB20B9500463153 /* ServiceHistoryApp.swift */; };
		AA74D21C2AB20B9500463153 /* ContentView.swift in Sources */ = {isa = PBXBuildFile; fileRef = AA74D21B2AB20B9500463153 /* ContentView.swift */; };
		AA74D21E2AB20B9700463153 /* Assets.xcassets in Resources */ = {isa = PBXBuildFile; fileRef = AA74D21D2AB20B9700463153 /* Assets.xcassets */; };
		AA74D2222AB20B9700463153 /* Preview Assets.xcassets in Resources */ = {isa = PBXBuildFile; fileRef = AA74D2212AB20B9700463153 /* Preview Assets.xcassets */; };
		AA74D22C2AB20B9700463153 /* ServiceHistoryTests.swift in Sources */ = {isa = PBXBuildFile; fileRef = AA74D22B2AB20B9700463153 /* ServiceHistoryTests.swift */; };
		AA74D2362AB20B9700463153 /* ServiceHistoryUITests.swift in Sources */ = {isa = PBXBuildFile; fileRef = AA74D2352AB20B9700463153 /* ServiceHistoryUITests.swift */; };
		AA74D2382AB20B9700463153 /* ServiceHistoryUITestsLaunchTests.swift in Sources */ = {isa = PBXBuildFile; fileRef = AA74D2372AB20B9700463153 /* ServiceHistoryUITestsLaunchTests.swift */; };
/* End PBXBuildFile section */

/* Begin PBXContainerItemProxy section */
		AA74D2282AB20B9700463153 /* PBXContainerItemProxy */ = {
			isa = PBXContainerItemProxy;
			containerPortal = AA74D20E2AB20B9400463153 /* Project object */;
			proxyType = 1;
			remoteGlobalIDString = AA74D2152AB20B9500463153;
			remoteInfo = ServiceHistory;
		};
		AA74D2322AB20B9700463153 /* PBXContainerItemProxy */ = {
			isa = PBXContainerItemProxy;
			containerPortal = AA74D20E2AB20B9400463153 /* Project object */;
			proxyType = 1;
			remoteGlobalIDString = AA74D2152AB20B9500463153;
			remoteInfo = ServiceHistory;
		};
/* End PBXContainerItemProxy section */

/* Begin PBXFileReference section */
		AA74D2162AB20B9500463153 /* ServiceHistory.app */ = {isa = PBXFileReference; explicitFileType = wrapper.application; includeInIndex = 0; path = ServiceHistory.app; sourceTree = BUILT_PRODUCTS_DIR; };
		AA74D2192AB20B9500463153 /* ServiceHistoryApp.swift */ = {isa = PBXFileReference; lastKnownFileType = sourcecode.swift; path = ServiceHistoryApp.swift; sourceTree = "<group>"; };
		AA74D21B2AB20B9500463153 /* ContentView.swift */ = {isa = PBXFileReference; lastKnownFileType = sourcecode.swift; path = ContentView.swift; sourceTree = "<group>"; };
		AA74D21D2AB20B9700463153 /* Assets.xcassets */ = {isa = PBXFileReference; lastKnownFileType = folder.assetcatalog; path = Assets.xcassets; sourceTree = "<group>"; };
		AA74D21F2AB20B9700463153 /* ServiceHistory.entitlements */ = {isa = PBXFileReference; lastKnownFileType = text.plist.entitlements; path = ServiceHistory.entitlements; sourceTree = "<group>"; };
		AA74D2212AB20B9700463153 /* Preview Assets.xcassets */ = {isa = PBXFileReference; lastKnownFileType = folder.assetcatalog; path = "Preview Assets.xcassets"; sourceTree = "<group>"; };
		AA74D2272AB20B9700463153 /* ServiceHistoryTests.xctest */ = {isa = PBXFileReference; explicitFileType = wrapper.cfbundle; includeInIndex = 0; path = ServiceHistoryTests.xctest; sourceTree = BUILT_PRODUCTS_DIR; };
		AA74D22B2AB20B9700463153 /* ServiceHistoryTests.swift */ = {isa = PBXFileReference; lastKnownFileType = sourcecode.swift; path = ServiceHistoryTests.swift; sourceTree = "<group>"; };
		AA74D2312AB20B9700463153 /* ServiceHistoryUITests.xctest */ = {isa = PBXFileReference; explicitFileType = wrapper.cfbundle; includeInIndex = 0; path = ServiceHistoryUITests.xctest; sourceTree = BUILT_PRODUCTS_DIR; };
		AA74D2352AB20B9700463153 /* ServiceHistoryUITests.swift */ = {isa = PBXFileReference; lastKnownFileType = sourcecode.swift; path = ServiceHistoryUITests.swift; sourceTree = "<group>"; };
		AA74D2372AB20B9700463153 /* ServiceHistoryUITestsLaunchTests.swift */ = {isa = PBXFileReference; lastKnownFileType = sourcecode.swift; path = ServiceHistoryUITestsLaunchTests.swift; sourceTree = "<group>"; };
/* End PBXFileReference section */

/* Begin PBXFrameworksBuildPhase section */
		AA74D2132AB20B9500463153 /* Frameworks */ = {
			isa = PBXFrameworksBuildPhase;
			buildActionMask = 2147483647;
			files = (
			);
			runOnlyForDeploymentPostprocessing = 0;
		};
		AA74D2242AB20B9700463153 /* Frameworks */ = {
			isa = PBXFrameworksBuildPhase;
			buildActionMask = 2147483647;
			files = (
			);
			runOnlyForDeploymentPostprocessing = 0;
		};
		AA74D22E2AB20B9700463153 /* Frameworks */ = {
			isa = PBXFrameworksBuildPhase;
			buildActionMask = 2147483647;
			files = (
			);
			runOnlyForDeploymentPostprocessing = 0;
		};
/* End PBXFrameworksBuildPhase section */

/* Begin PBXGroup section */
		AA74D20D2AB20B9400463153 = {
			isa = PBXGroup;
			children = (
				AA74D2182AB20B9500463153 /* ServiceHistory */,
				AA74D22A2AB20B9700463153 /* ServiceHistoryTests */,
				AA74D2342AB20B9700463153 /* ServiceHistoryUITests */,
				AA74D2172AB20B9500463153 /* Products */,
			);
			sourceTree = "<group>";
		};
		AA74D2172AB20B9500463153 /* Products */ = {
			isa = PBXGroup;
			children = (
				AA74D2162AB20B9500463153 /* ServiceHistory.app */,
				AA74D2272AB20B9700463153 /* ServiceHistoryTests.xctest */,
				AA74D2312AB20B9700463153 /* ServiceHistoryUITests.xctest */,
			);
			name = Products;
			sourceTree = "<group>";
		};
		AA74D2182AB20B9500463153 /* ServiceHistory */ = {
			isa = PBXGroup;
			children = (
				AA74D2192AB20B9500463153 /* ServiceHistoryApp.swift */,
				AA74D21B2AB20B9500463153 /* ContentView.swift */,
				AA74D21D2AB20B9700463153 /* Assets.xcassets */,
				AA74D21F2AB20B9700463153 /* ServiceHistory.entitlements */,
				AA74D2202AB20B9700463153 /* Preview Content */,
			);
			path = ServiceHistory;
			sourceTree = "<group>";
		};
		AA74D2202AB20B9700463153 /* Preview Content */ = {
			isa = PBXGroup;
			children = (
				AA74D2212AB20B9700463153 /* Preview Assets.xcassets */,
			);
			path = "Preview Content";
			sourceTree = "<group>";
		};
		AA74D22A2AB20B9700463153 /* ServiceHistoryTests */ = {
			isa = PBXGroup;
			children = (
				AA74D22B2AB20B9700463153 /* ServiceHistoryTests.swift */,
			);
			path = ServiceHistoryTests;
			sourceTree = "<group>";
		};
		AA74D2342AB20B9700463153 /* ServiceHistoryUITests */ = {
			isa = PBXGroup;
			children = (
				AA74D2352AB20B9700463153 /* ServiceHistoryUITests.swift */,
				AA74D2372AB20B9700463153 /* ServiceHistoryUITestsLaunchTests.swift */,
			);
			path = ServiceHistoryUITests;
			sourceTree = "<group>";
		};
/* End PBXGroup section */

/* Begin PBXNativeTarget section */
		AA74D2152AB20B9500463153 /* ServiceHistory */ = {
			isa = PBXNativeTarget;
			buildConfigurationList = AA74D23B2AB20B9700463153 /* Build configuration list for PBXNativeTarget "ServiceHistory" */;
			buildPhases = (
				AA74D2122AB20B9500463153 /* Sources */,
				AA74D2132AB20B9500463153 /* Frameworks */,
				AA74D2142AB20B9500463153 /* Resources */,
			);
			buildRules = (
			);
			dependencies = (
			);
			name = ServiceHistory;
			productName = ServiceHistory;
			productReference = AA74D2162AB20B9500463153 /* ServiceHistory.app */;
			productType = "com.apple.product-type.application";
		};
		AA74D2262AB20B9700463153 /* ServiceHistoryTests */ = {
			isa = PBXNativeTarget;
			buildConfigurationList = AA74D23E2AB20B9700463153 /* Build configuration list for PBXNativeTarget "ServiceHistoryTests" */;
			buildPhases = (
				AA74D2232AB20B9700463153 /* Sources */,
				AA74D2242AB20B9700463153 /* Frameworks */,
				AA74D2252AB20B9700463153 /* Resources */,
			);
			buildRules = (
			);
			dependencies = (
				AA74D2292AB20B9700463153 /* PBXTargetDependency */,
			);
			name = ServiceHistoryTests;
			productName = ServiceHistoryTests;
			productReference = AA74D2272AB20B9700463153 /* ServiceHistoryTests.xctest */;
			productType = "com.apple.product-type.bundle.unit-test";
		};
		AA74D2302AB20B9700463153 /* ServiceHistoryUITests */ = {
			isa = PBXNativeTarget;
			buildConfigurationList = AA74D2412AB20B9700463153 /* Build configuration list for PBXNativeTarget "ServiceHistoryUITests" */;
			buildPhases = (
				AA74D22D2AB20B9700463153 /* Sources */,
				AA74D22E2AB20B9700463153 /* Frameworks */,
				AA74D22F2AB20B9700463153 /* Resources */,
			);
			buildRules = (
			);
			dependencies = (
				AA74D2332AB20B9700463153 /* PBXTargetDependency */,
			);
			name = ServiceHistoryUITests;
			productName = ServiceHistoryUITests;
			productReference = AA74D2312AB20B9700463153 /* ServiceHistoryUITests.xctest */;
			productType = "com.apple.product-type.bundle.ui-testing";
		};
/* End PBXNativeTarget section */

/* Begin PBXProject section */
		AA74D20E2AB20B9400463153 /* Project object */ = {
			isa = PBXProject;
			attributes = {
				BuildIndependentTargetsInParallel = 1;
				LastSwiftUpdateCheck = 1430;
				LastUpgradeCheck = 1430;
				TargetAttributes = {
					AA74D2152AB20B9500463153 = {
						CreatedOnToolsVersion = 14.3.1;
					};
					AA74D2262AB20B9700463153 = {
						CreatedOnToolsVersion = 14.3.1;
						TestTargetID = AA74D2152AB20B9500463153;
					};
					AA74D2302AB20B9700463153 = {
						CreatedOnToolsVersion = 14.3.1;
						TestTargetID = AA74D2152AB20B9500463153;
					};
				};
			};
			buildConfigurationList = AA74D2112AB20B9400463153 /* Build configuration list for PBXProject "ServiceHistory" */;
			compatibilityVersion = "Xcode 14.0";
			developmentRegion = en;
			hasScannedForEncodings = 0;
			knownRegions = (
				en,
				Base,
			);
			mainGroup = AA74D20D2AB20B9400463153;
			productRefGroup = AA74D2172AB20B9500463153 /* Products */;
			projectDirPath = "";
			projectRoot = "";
			targets = (
				AA74D2152AB20B9500463153 /* ServiceHistory */,
				AA74D2262AB20B9700463153 /* ServiceHistoryTests */,
				AA74D2302AB20B9700463153 /* ServiceHistoryUITests */,
			);
		};
/* End PBXProject section */

/* Begin PBXResourcesBuildPhase section */
		AA74D2142AB20B9500463153 /* Resources */ = {
			isa = PBXResourcesBuildPhase;
			buildActionMask = 2147483647;
			files = (
				AA74D2222AB20B9700463153 /* Preview Assets.xcassets in Resources */,
				AA74D21E2AB20B9700463153 /* Assets.xcassets in Resources */,
			);
			runOnlyForDeploymentPostprocessing = 0;
		};
		AA74D2252AB20B9700463153 /* Resources */ = {
			isa = PBXResourcesBuildPhase;
			buildActionMask = 2147483647;
			files = (
			);
			runOnlyForDeploymentPostprocessing = 0;
		};
		AA74D22F2AB20B9700463153 /* Resources */ = {
			isa = PBXResourcesBuildPhase;
			buildActionMask = 2147483647;
			files = (
			);
			runOnlyForDeploymentPostprocessing = 0;
		};
/* End PBXResourcesBuildPhase section */

/* Begin PBXSourcesBuildPhase section */
		AA74D2122AB20B9500463153 /* Sources */ = {
			isa = PBXSourcesBuildPhase;
			buildActionMask = 2147483647;
			files = (
				AA74D21C2AB20B9500463153 /* ContentView.swift in Sources */,
				AA74D21A2AB20B9500463153 /* ServiceHistoryApp.swift in Sources */,
			);
			runOnlyForDeploymentPostprocessing = 0;
		};
		AA74D2232AB20B9700463153 /* Sources */ = {
			isa = PBXSourcesBuildPhase;
			buildActionMask = 2147483647;
			files = (
				AA74D22C2AB20B9700463153 /* ServiceHistoryTests.swift in Sources */,
			);
			runOnlyForDeploymentPostprocessing = 0;
		};
		AA74D22D2AB20B9700463153 /* Sources */ = {
			isa = PBXSourcesBuildPhase;
			buildActionMask = 2147483647;
			files = (
				AA74D2362AB20B9700463153 /* ServiceHistoryUITests.swift in Sources */,
				AA74D2382AB20B9700463153 /* ServiceHistoryUITestsLaunchTests.swift in Sources */,
			);
			runOnlyForDeploymentPostprocessing = 0;
		};
/* End PBXSourcesBuildPhase section */

/* Begin PBXTargetDependency section */
		AA74D2292AB20B9700463153 /* PBXTargetDependency */ = {
			isa = PBXTargetDependency;
			target = AA74D2152AB20B9500463153 /* ServiceHistory */;
			targetProxy = AA74D2282AB20B9700463153 /* PBXContainerItemProxy */;
		};
		AA74D2332AB20B9700463153 /* PBXTargetDependency */ = {
			isa = PBXTargetDependency;
			target = AA74D2152AB20B9500463153 /* ServiceHistory */;
			targetProxy = AA74D2322AB20B9700463153 /* PBXContainerItemProxy */;
		};
/* End PBXTargetDependency section */

/* Begin XCBuildConfiguration section */
		AA74D2392AB20B9700463153 /* Debug */ = {
			isa = XCBuildConfiguration;
			buildSettings = {
				ALWAYS_SEARCH_USER_PATHS = NO;
				CLANG_ANALYZER_NONNULL = YES;
				CLANG_ANALYZER_NUMBER_OBJECT_CONVERSION = YES_AGGRESSIVE;
				CLANG_CXX_LANGUAGE_STANDARD = "gnu++20";
				CLANG_ENABLE_MODULES = YES;
				CLANG_ENABLE_OBJC_ARC = YES;
				CLANG_ENABLE_OBJC_WEAK = YES;
				CLANG_WARN_BLOCK_CAPTURE_AUTORELEASING = YES;
				CLANG_WARN_BOOL_CONVERSION = YES;
				CLANG_WARN_COMMA = YES;
				CLANG_WARN_CONSTANT_CONVERSION = YES;
				CLANG_WARN_DEPRECATED_OBJC_IMPLEMENTATIONS = YES;
				CLANG_WARN_DIRECT_OBJC_ISA_USAGE = YES_ERROR;
				CLANG_WARN_DOCUMENTATION_COMMENTS = YES;
				CLANG_WARN_EMPTY_BODY = YES;
				CLANG_WARN_ENUM_CONVERSION = YES;
				CLANG_WARN_INFINITE_RECURSION = YES;
				CLANG_WARN_INT_CONVERSION = YES;
				CLANG_WARN_NON_LITERAL_NULL_CONVERSION = YES;
				CLANG_WARN_OBJC_IMPLICIT_RETAIN_SELF = YES;
				CLANG_WARN_OBJC_LITERAL_CONVERSION = YES;
				CLANG_WARN_OBJC_ROOT_CLASS = YES_ERROR;
				CLANG_WARN_QUOTED_INCLUDE_IN_FRAMEWORK_HEADER = YES;
				CLANG_WARN_RANGE_LOOP_ANALYSIS = YES;
				CLANG_WARN_STRICT_PROTOTYPES = YES;
				CLANG_WARN_SUSPICIOUS_MOVE = YES;
				CLANG_WARN_UNGUARDED_AVAILABILITY = YES_AGGRESSIVE;
				CLANG_WARN_UNREACHABLE_CODE = YES;
				CLANG_WARN__DUPLICATE_METHOD_MATCH = YES;
				COPY_PHASE_STRIP = NO;
				DEBUG_INFORMATION_FORMAT = dwarf;
				ENABLE_STRICT_OBJC_MSGSEND = YES;
				ENABLE_TESTABILITY = YES;
				GCC_C_LANGUAGE_STANDARD = gnu11;
				GCC_DYNAMIC_NO_PIC = NO;
				GCC_NO_COMMON_BLOCKS = YES;
				GCC_OPTIMIZATION_LEVEL = 0;
				GCC_PREPROCESSOR_DEFINITIONS = (
					"DEBUG=1",
					"$(inherited)",
				);
				GCC_WARN_64_TO_32_BIT_CONVERSION = YES;
				GCC_WARN_ABOUT_RETURN_TYPE = YES_ERROR;
				GCC_WARN_UNDECLARED_SELECTOR = YES;
				GCC_WARN_UNINITIALIZED_AUTOS = YES_AGGRESSIVE;
				GCC_WARN_UNUSED_FUNCTION = YES;
				GCC_WARN_UNUSED_VARIABLE = YES;
				MTL_ENABLE_DEBUG_INFO = INCLUDE_SOURCE;
				MTL_FAST_MATH = YES;
				ONLY_ACTIVE_ARCH = YES;
				SWIFT_ACTIVE_COMPILATION_CONDITIONS = DEBUG;
				SWIFT_OPTIMIZATION_LEVEL = "-Onone";
			};
			name = Debug;
		};
		AA74D23A2AB20B9700463153 /* Release */ = {
			isa = XCBuildConfiguration;
			buildSettings = {
				ALWAYS_SEARCH_USER_PATHS = NO;
				CLANG_ANALYZER_NONNULL = YES;
				CLANG_ANALYZER_NUMBER_OBJECT_CONVERSION = YES_AGGRESSIVE;
				CLANG_CXX_LANGUAGE_STANDARD = "gnu++20";
				CLANG_ENABLE_MODULES = YES;
				CLANG_ENABLE_OBJC_ARC = YES;
				CLANG_ENABLE_OBJC_WEAK = YES;
				CLANG_WARN_BLOCK_CAPTURE_AUTORELEASING = YES;
				CLANG_WARN_BOOL_CONVERSION = YES;
				CLANG_WARN_COMMA = YES;
				CLANG_WARN_CONSTANT_CONVERSION = YES;
				CLANG_WARN_DEPRECATED_OBJC_IMPLEMENTATIONS = YES;
				CLANG_WARN_DIRECT_OBJC_ISA_USAGE = YES_ERROR;
				CLANG_WARN_DOCUMENTATION_COMMENTS = YES;
				CLANG_WARN_EMPTY_BODY = YES;
				CLANG_WARN_ENUM_CONVERSION = YES;
				CLANG_WARN_INFINITE_RECURSION = YES;
				CLANG_WARN_INT_CONVERSION = YES;
				CLANG_WARN_NON_LITERAL_NULL_CONVERSION = YES;
				CLANG_WARN_OBJC_IMPLICIT_RETAIN_SELF = YES;
				CLANG_WARN_OBJC_LITERAL_CONVERSION = YES;
				CLANG_WARN_OBJC_ROOT_CLASS = YES_ERROR;
				CLANG_WARN_QUOTED_INCLUDE_IN_FRAMEWORK_HEADER = YES;
				CLANG_WARN_RANGE_LOOP_ANALYSIS = YES;
				CLANG_WARN_STRICT_PROTOTYPES = YES;
				CLANG_WARN_SUSPICIOUS_MOVE = YES;
				CLANG_WARN_UNGUARDED_AVAILABILITY = YES_AGGRESSIVE;
				CLANG_WARN_UNREACHABLE_CODE = YES;
				CLANG_WARN__DUPLICATE_METHOD_MATCH = YES;
				COPY_PHASE_STRIP = NO;
				DEBUG_INFORMATION_FORMAT = "dwarf-with-dsym";
				ENABLE_NS_ASSERTIONS = NO;
				ENABLE_STRICT_OBJC_MSGSEND = YES;
				GCC_C_LANGUAGE_STANDARD = gnu11;
				GCC_NO_COMMON_BLOCKS = YES;
				GCC_WARN_64_TO_32_BIT_CONVERSION = YES;
				GCC_WARN_ABOUT_RETURN_TYPE = YES_ERROR;
				GCC_WARN_UNDECLARED_SELECTOR = YES;
				GCC_WARN_UNINITIALIZED_AUTOS = YES_AGGRESSIVE;
				GCC_WARN_UNUSED_FUNCTION = YES;
				GCC_WARN_UNUSED_VARIABLE = YES;
				MTL_ENABLE_DEBUG_INFO = NO;
				MTL_FAST_MATH = YES;
				SWIFT_COMPILATION_MODE = wholemodule;
				SWIFT_OPTIMIZATION_LEVEL = "-O";
			};
			name = Release;
		};
		AA74D23C2AB20B9700463153 /* Debug */ = {
			isa = XCBuildConfiguration;
			buildSettings = {
				ASSETCATALOG_COMPILER_APPICON_NAME = AppIcon;
				ASSETCATALOG_COMPILER_GLOBAL_ACCENT_COLOR_NAME = AccentColor;
				CODE_SIGN_ENTITLEMENTS = ServiceHistory/ServiceHistory.entitlements;
				CODE_SIGN_STYLE = Automatic;
				CURRENT_PROJECT_VERSION = 1;
				DEVELOPMENT_ASSET_PATHS = "\"ServiceHistory/Preview Content\"";
				ENABLE_PREVIEWS = YES;
				GENERATE_INFOPLIST_FILE = YES;
				"INFOPLIST_KEY_UIApplicationSceneManifest_Generation[sdk=iphoneos*]" = YES;
				"INFOPLIST_KEY_UIApplicationSceneManifest_Generation[sdk=iphonesimulator*]" = YES;
				"INFOPLIST_KEY_UIApplicationSupportsIndirectInputEvents[sdk=iphoneos*]" = YES;
				"INFOPLIST_KEY_UIApplicationSupportsIndirectInputEvents[sdk=iphonesimulator*]" = YES;
				"INFOPLIST_KEY_UILaunchScreen_Generation[sdk=iphoneos*]" = YES;
				"INFOPLIST_KEY_UILaunchScreen_Generation[sdk=iphonesimulator*]" = YES;
				"INFOPLIST_KEY_UIStatusBarStyle[sdk=iphoneos*]" = UIStatusBarStyleDefault;
				"INFOPLIST_KEY_UIStatusBarStyle[sdk=iphonesimulator*]" = UIStatusBarStyleDefault;
				INFOPLIST_KEY_UISupportedInterfaceOrientations_iPad = "UIInterfaceOrientationPortrait UIInterfaceOrientationPortraitUpsideDown UIInterfaceOrientationLandscapeLeft UIInterfaceOrientationLandscapeRight";
				INFOPLIST_KEY_UISupportedInterfaceOrientations_iPhone = "UIInterfaceOrientationPortrait UIInterfaceOrientationLandscapeLeft UIInterfaceOrientationLandscapeRight";
				IPHONEOS_DEPLOYMENT_TARGET = 16.4;
				LD_RUNPATH_SEARCH_PATHS = "@executable_path/Frameworks";
				"LD_RUNPATH_SEARCH_PATHS[sdk=macosx*]" = "@executable_path/../Frameworks";
				MACOSX_DEPLOYMENT_TARGET = 13.3;
				MARKETING_VERSION = 1.0;
				PRODUCT_BUNDLE_IDENTIFIER = etan.ServiceHistory;
				PRODUCT_NAME = "$(TARGET_NAME)";
				SDKROOT = auto;
				SUPPORTED_PLATFORMS = "iphoneos iphonesimulator macosx";
				SWIFT_EMIT_LOC_STRINGS = YES;
				SWIFT_VERSION = 5.0;
				TARGETED_DEVICE_FAMILY = "1,2";
			};
			name = Debug;
		};
		AA74D23D2AB20B9700463153 /* Release */ = {
			isa = XCBuildConfiguration;
			buildSettings = {
				ASSETCATALOG_COMPILER_APPICON_NAME = AppIcon;
				ASSETCATALOG_COMPILER_GLOBAL_ACCENT_COLOR_NAME = AccentColor;
				CODE_SIGN_ENTITLEMENTS = ServiceHistory/ServiceHistory.entitlements;
				CODE_SIGN_STYLE = Automatic;
				CURRENT_PROJECT_VERSION = 1;
				DEVELOPMENT_ASSET_PATHS = "\"ServiceHistory/Preview Content\"";
				ENABLE_PREVIEWS = YES;
				GENERATE_INFOPLIST_FILE = YES;
				"INFOPLIST_KEY_UIApplicationSceneManifest_Generation[sdk=iphoneos*]" = YES;
				"INFOPLIST_KEY_UIApplicationSceneManifest_Generation[sdk=iphonesimulator*]" = YES;
				"INFOPLIST_KEY_UIApplicationSupportsIndirectInputEvents[sdk=iphoneos*]" = YES;
				"INFOPLIST_KEY_UIApplicationSupportsIndirectInputEvents[sdk=iphonesimulator*]" = YES;
				"INFOPLIST_KEY_UILaunchScreen_Generation[sdk=iphoneos*]" = YES;
				"INFOPLIST_KEY_UILaunchScreen_Generation[sdk=iphonesimulator*]" = YES;
				"INFOPLIST_KEY_UIStatusBarStyle[sdk=iphoneos*]" = UIStatusBarStyleDefault;
				"INFOPLIST_KEY_UIStatusBarStyle[sdk=iphonesimulator*]" = UIStatusBarStyleDefault;
				INFOPLIST_KEY_UISupportedInterfaceOrientations_iPad = "UIInterfaceOrientationPortrait UIInterfaceOrientationPortraitUpsideDown UIInterfaceOrientationLandscapeLeft UIInterfaceOrientationLandscapeRight";
				INFOPLIST_KEY_UISupportedInterfaceOrientations_iPhone = "UIInterfaceOrientationPortrait UIInterfaceOrientationLandscapeLeft UIInterfaceOrientationLandscapeRight";
				IPHONEOS_DEPLOYMENT_TARGET = 16.4;
				LD_RUNPATH_SEARCH_PATHS = "@executable_path/Frameworks";
				"LD_RUNPATH_SEARCH_PATHS[sdk=macosx*]" = "@executable_path/../Frameworks";
				MACOSX_DEPLOYMENT_TARGET = 13.3;
				MARKETING_VERSION = 1.0;
				PRODUCT_BUNDLE_IDENTIFIER = etan.ServiceHistory;
				PRODUCT_NAME = "$(TARGET_NAME)";
				SDKROOT = auto;
				SUPPORTED_PLATFORMS = "iphoneos iphonesimulator macosx";
				SWIFT_EMIT_LOC_STRINGS = YES;
				SWIFT_VERSION = 5.0;
				TARGETED_DEVICE_FAMILY = "1,2";
			};
			name = Release;
		};
		AA74D23F2AB20B9700463153 /* Debug */ = {
			isa = XCBuildConfiguration;
			buildSettings = {
				ALWAYS_EMBED_SWIFT_STANDARD_LIBRARIES = YES;
				BUNDLE_LOADER = "$(TEST_HOST)";
				CODE_SIGN_STYLE = Automatic;
				CURRENT_PROJECT_VERSION = 1;
				GENERATE_INFOPLIST_FILE = YES;
				IPHONEOS_DEPLOYMENT_TARGET = 16.4;
				MACOSX_DEPLOYMENT_TARGET = 13.3;
				MARKETING_VERSION = 1.0;
				PRODUCT_BUNDLE_IDENTIFIER = etan.ServiceHistoryTests;
				PRODUCT_NAME = "$(TARGET_NAME)";
				SDKROOT = auto;
				SUPPORTED_PLATFORMS = "iphoneos iphonesimulator macosx";
				SWIFT_EMIT_LOC_STRINGS = NO;
				SWIFT_VERSION = 5.0;
				TARGETED_DEVICE_FAMILY = "1,2";
				TEST_HOST = "$(BUILT_PRODUCTS_DIR)/ServiceHistory.app/$(BUNDLE_EXECUTABLE_FOLDER_PATH)/ServiceHistory";
			};
			name = Debug;
		};
		AA74D2402AB20B9700463153 /* Release */ = {
			isa = XCBuildConfiguration;
			buildSettings = {
				ALWAYS_EMBED_SWIFT_STANDARD_LIBRARIES = YES;
				BUNDLE_LOADER = "$(TEST_HOST)";
				CODE_SIGN_STYLE = Automatic;
				CURRENT_PROJECT_VERSION = 1;
				GENERATE_INFOPLIST_FILE = YES;
				IPHONEOS_DEPLOYMENT_TARGET = 16.4;
				MACOSX_DEPLOYMENT_TARGET = 13.3;
				MARKETING_VERSION = 1.0;
				PRODUCT_BUNDLE_IDENTIFIER = etan.ServiceHistoryTests;
				PRODUCT_NAME = "$(TARGET_NAME)";
				SDKROOT = auto;
				SUPPORTED_PLATFORMS = "iphoneos iphonesimulator macosx";
				SWIFT_EMIT_LOC_STRINGS = NO;
				SWIFT_VERSION = 5.0;
				TARGETED_DEVICE_FAMILY = "1,2";
				TEST_HOST = "$(BUILT_PRODUCTS_DIR)/ServiceHistory.app/$(BUNDLE_EXECUTABLE_FOLDER_PATH)/ServiceHistory";
			};
			name = Release;
		};
		AA74D2422AB20B9700463153 /* Debug */ = {
			isa = XCBuildConfiguration;
			buildSettings = {
				ALWAYS_EMBED_SWIFT_STANDARD_LIBRARIES = YES;
				CODE_SIGN_STYLE = Automatic;
				CURRENT_PROJECT_VERSION = 1;
				GENERATE_INFOPLIST_FILE = YES;
				IPHONEOS_DEPLOYMENT_TARGET = 16.4;
				MACOSX_DEPLOYMENT_TARGET = 13.3;
				MARKETING_VERSION = 1.0;
				PRODUCT_BUNDLE_IDENTIFIER = etan.ServiceHistoryUITests;
				PRODUCT_NAME = "$(TARGET_NAME)";
				SDKROOT = auto;
				SUPPORTED_PLATFORMS = "iphoneos iphonesimulator macosx";
				SWIFT_EMIT_LOC_STRINGS = NO;
				SWIFT_VERSION = 5.0;
				TARGETED_DEVICE_FAMILY = "1,2";
				TEST_TARGET_NAME = ServiceHistory;
			};
			name = Debug;
		};
		AA74D2432AB20B9700463153 /* Release */ = {
			isa = XCBuildConfiguration;
			buildSettings = {
				ALWAYS_EMBED_SWIFT_STANDARD_LIBRARIES = YES;
				CODE_SIGN_STYLE = Automatic;
				CURRENT_PROJECT_VERSION = 1;
				GENERATE_INFOPLIST_FILE = YES;
				IPHONEOS_DEPLOYMENT_TARGET = 16.4;
				MACOSX_DEPLOYMENT_TARGET = 13.3;
				MARKETING_VERSION = 1.0;
				PRODUCT_BUNDLE_IDENTIFIER = etan.ServiceHistoryUITests;
				PRODUCT_NAME = "$(TARGET_NAME)";
				SDKROOT = auto;
				SUPPORTED_PLATFORMS = "iphoneos iphonesimulator macosx";
				SWIFT_EMIT_LOC_STRINGS = NO;
				SWIFT_VERSION = 5.0;
				TARGETED_DEVICE_FAMILY = "1,2";
				TEST_TARGET_NAME = ServiceHistory;
			};
			name = Release;
		};
/* End XCBuildConfiguration section */

/* Begin XCConfigurationList section */
		AA74D2112AB20B9400463153 /* Build configuration list for PBXProject "ServiceHistory" */ = {
			isa = XCConfigurationList;
			buildConfigurations = (
				AA74D2392AB20B9700463153 /* Debug */,
				AA74D23A2AB20B9700463153 /* Release */,
			);
			defaultConfigurationIsVisible = 0;
			defaultConfigurationName = Release;
		};
		AA74D23B2AB20B9700463153 /* Build configuration list for PBXNativeTarget "ServiceHistory" */ = {
			isa = XCConfigurationList;
			buildConfigurations = (
				AA74D23C2AB20B9700463153 /* Debug */,
				AA74D23D2AB20B9700463153 /* Release */,
			);
			defaultConfigurationIsVisible = 0;
			defaultConfigurationName = Release;
		};
		AA74D23E2AB20B9700463153 /* Build configuration list for PBXNativeTarget "ServiceHistoryTests" */ = {
			isa = XCConfigurationList;
			buildConfigurations = (
				AA74D23F2AB20B9700463153 /* Debug */,
				AA74D2402AB20B9700463153 /* Release */,
			);
			defaultConfigurationIsVisible = 0;
			defaultConfigurationName = Release;
		};
		AA74D2412AB20B9700463153 /* Build configuration list for PBXNativeTarget "ServiceHistoryUITests" */ = {
			isa = XCConfigurationList;
			buildConfigurations = (
				AA74D2422AB20B9700463153 /* Debug */,
				AA74D2432AB20B9700463153 /* Release */,
			);
			defaultConfigurationIsVisible = 0;
			defaultConfigurationName = Release;
		};
/* End XCConfigurationList section */
	};
	rootObject = AA74D20E2AB20B9400463153 /* Project object */;
}
